
Microsoft Visual Studio Solution File, Format Version 12.00
# Visual Studio Version 17
VisualStudioVersion = 17.14.36603.0 d17.14
MinimumVisualStudioVersion = 10.0.40219.1
Project("{8BC9CEB8-8B4A-11D0-8D11-00A0C91BC942}") = "Dependence", "Dependence\Dependence.vcxproj", "{D86BB9E5-3693-458D-8201-91680F2C218E}"
EndProject
Project("{8BC9CEB8-8B4A-11D0-8D11-00A0C91BC942}") = "Test", "Test\Test.vcxproj", "{D6AE3AF9-E454-4246-B4C9-8DDB3A505102}"
	ProjectSection(ProjectDependencies) = postProject
		{817D43AA-6D51-4644-AF6E-F6DB7866CB2F} = {817D43AA-6D51-4644-AF6E-F6DB7866CB2F}
		{D86BB9E5-3693-458D-8201-91680F2C218E} = {D86BB9E5-3693-458D-8201-91680F2C218E}
		{F8174A25-922C-4F65-A0A5-2444D4E65653} = {F8174A25-922C-4F65-A0A5-2444D4E65653}
	EndProjectSection
EndProject
Project("{8BC9CEB8-8B4A-11D0-8D11-00A0C91BC942}") = "Forever", "Forever\Forever.vcxproj", "{F8174A25-922C-4F65-A0A5-2444D4E65653}"
	ProjectSection(ProjectDependencies) = postProject
		{D86BB9E5-3693-458D-8201-91680F2C218E} = {D86BB9E5-3693-458D-8201-91680F2C218E}
	EndProjectSection
EndProject
Project("{8BC9CEB8-8B4A-11D0-8D11-00A0C91BC942}") = "Mod", "Mod\Mod.vcxproj", "{817D43AA-6D51-4644-AF6E-F6DB7866CB2F}"
	ProjectSection(ProjectDependencies) = postProject
		{D86BB9E5-3693-458D-8201-91680F2C218E} = {D86BB9E5-3693-458D-8201-91680F2C218E}
	EndProjectSection
EndProject
Project("{8BC9CEB8-8B4A-11D0-8D11-00A0C91BC942}") = "WXDJ", "WXDJ\WXDJ.vcxproj", "{F10125F3-5C72-46FE-A9F1-AE569C6DFE0E}"
EndProject
Project("{8BC9CEB8-8B4A-11D0-8D11-00A0C91BC942}") = "SGL", "SGL\SGL.vcxproj", "{4C783CE9-4F98-4BA9-B91A-44EEA9F68566}"
EndProject
Project("{8BC9CEB8-8B4A-11D0-8D11-00A0C91BC942}") = "Visualize", "Visualize\Visualize.vcxproj", "{D4583D97-EE35-43AC-852B-59EA40DF49B9}"
	ProjectSection(ProjectDependencies) = postProject
		{4C783CE9-4F98-4BA9-B91A-44EEA9F68566} = {4C783CE9-4F98-4BA9-B91A-44EEA9F68566}
		{D86BB9E5-3693-458D-8201-91680F2C218E} = {D86BB9E5-3693-458D-8201-91680F2C218E}
		{F8174A25-922C-4F65-A0A5-2444D4E65653} = {F8174A25-922C-4F65-A0A5-2444D4E65653}
	EndProjectSection
EndProject
Global
	GlobalSection(SolutionConfigurationPlatforms) = preSolution
		Debug|x64 = Debug|x64
		Debug|x86 = Debug|x86
		Release|x64 = Release|x64
		Release|x86 = Release|x86
	EndGlobalSection
	GlobalSection(ProjectConfigurationPlatforms) = postSolution
		{D86BB9E5-3693-458D-8201-91680F2C218E}.Debug|x64.ActiveCfg = Debug|x64
		{D86BB9E5-3693-458D-8201-91680F2C218E}.Debug|x64.Build.0 = Debug|x64
		{D86BB9E5-3693-458D-8201-91680F2C218E}.Debug|x86.ActiveCfg = Debug|Win32
		{D86BB9E5-3693-458D-8201-91680F2C218E}.Debug|x86.Build.0 = Debug|Win32
		{D86BB9E5-3693-458D-8201-91680F2C218E}.Release|x64.ActiveCfg = Release|x64
		{D86BB9E5-3693-458D-8201-91680F2C218E}.Release|x64.Build.0 = Release|x64
		{D86BB9E5-3693-458D-8201-91680F2C218E}.Release|x86.ActiveCfg = Release|Win32
		{D86BB9E5-3693-458D-8201-91680F2C218E}.Release|x86.Build.0 = Release|Win32
		{D6AE3AF9-E454-4246-B4C9-8DDB3A505102}.Debug|x64.ActiveCfg = Debug|x64
		{D6AE3AF9-E454-4246-B4C9-8DDB3A505102}.Debug|x64.Build.0 = Debug|x64
		{D6AE3AF9-E454-4246-B4C9-8DDB3A505102}.Debug|x86.ActiveCfg = Debug|Win32
		{D6AE3AF9-E454-4246-B4C9-8DDB3A505102}.Debug|x86.Build.0 = Debug|Win32
		{D6AE3AF9-E454-4246-B4C9-8DDB3A505102}.Release|x64.ActiveCfg = Release|x64
		{D6AE3AF9-E454-4246-B4C9-8DDB3A505102}.Release|x64.Build.0 = Release|x64
		{D6AE3AF9-E454-4246-B4C9-8DDB3A505102}.Release|x86.ActiveCfg = Release|Win32
		{D6AE3AF9-E454-4246-B4C9-8DDB3A505102}.Release|x86.Build.0 = Release|Win32
		{F8174A25-922C-4F65-A0A5-2444D4E65653}.Debug|x64.ActiveCfg = Debug|x64
		{F8174A25-922C-4F65-A0A5-2444D4E65653}.Debug|x64.Build.0 = Debug|x64
		{F8174A25-922C-4F65-A0A5-2444D4E65653}.Debug|x86.ActiveCfg = Debug|Win32
		{F8174A25-922C-4F65-A0A5-2444D4E65653}.Debug|x86.Build.0 = Debug|Win32
		{F8174A25-922C-4F65-A0A5-2444D4E65653}.Release|x64.ActiveCfg = Release|x64
		{F8174A25-922C-4F65-A0A5-2444D4E65653}.Release|x64.Build.0 = Release|x64
		{F8174A25-922C-4F65-A0A5-2444D4E65653}.Release|x86.ActiveCfg = Release|Win32
		{F8174A25-922C-4F65-A0A5-2444D4E65653}.Release|x86.Build.0 = Release|Win32
		{817D43AA-6D51-4644-AF6E-F6DB7866CB2F}.Debug|x64.ActiveCfg = Debug|x64
		{817D43AA-6D51-4644-AF6E-F6DB7866CB2F}.Debug|x64.Build.0 = Debug|x64
		{817D43AA-6D51-4644-AF6E-F6DB7866CB2F}.Debug|x86.ActiveCfg = Debug|Win32
		{817D43AA-6D51-4644-AF6E-F6DB7866CB2F}.Debug|x86.Build.0 = Debug|Win32
		{817D43AA-6D51-4644-AF6E-F6DB7866CB2F}.Release|x64.ActiveCfg = Release|x64
		{817D43AA-6D51-4644-AF6E-F6DB7866CB2F}.Release|x64.Build.0 = Release|x64
		{817D43AA-6D51-4644-AF6E-F6DB7866CB2F}.Release|x86.ActiveCfg = Release|Win32
		{817D43AA-6D51-4644-AF6E-F6DB7866CB2F}.Release|x86.Build.0 = Release|Win32
		{F10125F3-5C72-46FE-A9F1-AE569C6DFE0E}.Debug|x64.ActiveCfg = Debug|x64
		{F10125F3-5C72-46FE-A9F1-AE569C6DFE0E}.Debug|x64.Build.0 = Debug|x64
		{F10125F3-5C72-46FE-A9F1-AE569C6DFE0E}.Debug|x86.ActiveCfg = Debug|Win32
		{F10125F3-5C72-46FE-A9F1-AE569C6DFE0E}.Debug|x86.Build.0 = Debug|Win32
		{F10125F3-5C72-46FE-A9F1-AE569C6DFE0E}.Release|x64.ActiveCfg = Release|x64
		{F10125F3-5C72-46FE-A9F1-AE569C6DFE0E}.Release|x64.Build.0 = Release|x64
		{F10125F3-5C72-46FE-A9F1-AE569C6DFE0E}.Release|x86.ActiveCfg = Release|Win32
		{F10125F3-5C72-46FE-A9F1-AE569C6DFE0E}.Release|x86.Build.0 = Release|Win32
		{4C783CE9-4F98-4BA9-B91A-44EEA9F68566}.Debug|x64.ActiveCfg = Debug|x64
		{4C783CE9-4F98-4BA9-B91A-44EEA9F68566}.Debug|x64.Build.0 = Debug|x64
		{4C783CE9-4F98-4BA9-B91A-44EEA9F68566}.Debug|x86.ActiveCfg = Debug|Win32
		{4C783CE9-4F98-4BA9-B91A-44EEA9F68566}.Debug|x86.Build.0 = Debug|Win32
		{4C783CE9-4F98-4BA9-B91A-44EEA9F68566}.Release|x64.ActiveCfg = Release|x64
		{4C783CE9-4F98-4BA9-B91A-44EEA9F68566}.Release|x64.Build.0 = Release|x64
		{4C783CE9-4F98-4BA9-B91A-44EEA9F68566}.Release|x86.ActiveCfg = Release|Win32
		{4C783CE9-4F98-4BA9-B91A-44EEA9F68566}.Release|x86.Build.0 = Release|Win32
		{D4583D97-EE35-43AC-852B-59EA40DF49B9}.Debug|x64.ActiveCfg = Debug|x64
		{D4583D97-EE35-43AC-852B-59EA40DF49B9}.Debug|x64.Build.0 = Debug|x64
		{D4583D97-EE35-43AC-852B-59EA40DF49B9}.Debug|x86.ActiveCfg = Debug|Win32
		{D4583D97-EE35-43AC-852B-59EA40DF49B9}.Debug|x86.Build.0 = Debug|Win32
		{D4583D97-EE35-43AC-852B-59EA40DF49B9}.Release|x64.ActiveCfg = Release|x64
		{D4583D97-EE35-43AC-852B-59EA40DF49B9}.Release|x64.Build.0 = Release|x64
		{D4583D97-EE35-43AC-852B-59EA40DF49B9}.Release|x86.ActiveCfg = Release|Win32
		{D4583D97-EE35-43AC-852B-59EA40DF49B9}.Release|x86.Build.0 = Release|Win32
	EndGlobalSection
	GlobalSection(SolutionProperties) = preSolution
		HideSolutionNode = FALSE
	EndGlobalSection
	GlobalSection(ExtensibilityGlobals) = postSolution
		SolutionGuid = {E6757728-FAE9-46BD-9D6E-47FA69E3AABA}
	EndGlobalSection
EndGlobal
