<?xml version="1.0" encoding="utf-8"?>
<Project ToolsVersion="4.0" xmlns="http://schemas.microsoft.com/developer/msbuild/2003">
  <ItemGroup>
    <Filter Include="common">
      <UniqueIdentifier>{661D1521-ED00-4A7D-8698-6B52B2921520}</UniqueIdentifier>
    </Filter>
    <Filter Include="map">
      <UniqueIdentifier>{24CFA300-2761-4E10-A9FF-116895E10825}</UniqueIdentifier>
    </Filter>
    <Filter Include="populace">
      <UniqueIdentifier>{F68306FD-FC18-45CB-B03D-48F3B24E4F91}</UniqueIdentifier>
    </Filter>
    <Filter Include="society">
      <UniqueIdentifier>{5AFFE1BD-9E78-451E-8653-3FCEF020F3D8}</UniqueIdentifier>
    </Filter>
    <Filter Include="story">
      <UniqueIdentifier>{795771B6-160B-438A-94BB-6FED2D6DA0D5}</UniqueIdentifier>
    </Filter>
    <Filter Include="industry">
      <UniqueIdentifier>{56166DEC-7C3E-4A1B-958B-40A1C54512EA}</UniqueIdentifier>
    </Filter>
    <Filter Include="traffic">
      <UniqueIdentifier>{020293AC-3A70-4D9B-B575-9117A5CBC152}</UniqueIdentifier>
    </Filter>
    <Filter Include="player">
      <UniqueIdentifier>{506F0F15-5F9A-481C-91AF-B3F0379270A1}</UniqueIdentifier>
    </Filter>
  </ItemGroup>
  <ItemGroup>
    <ClCompile Include="common\error.cpp">
      <Filter>common</Filter>
    </ClCompile>
    <ClCompile Include="common\json.cpp">
      <Filter>common</Filter>
    </ClCompile>
    <ClCompile Include="common\utility.cpp">
      <Filter>common</Filter>
    </ClCompile>
    <ClCompile Include="common\handle.cpp">
      <Filter>common</Filter>
    </ClCompile>
    <ClCompile Include="map\geometry.cpp">
      <Filter>map</Filter>
    </ClCompile>
    <ClCompile Include="map\roadnet_mod.cpp">
      <Filter>map</Filter>
    </ClCompile>
    <ClCompile Include="map\building_mod.cpp">
      <Filter>map</Filter>
    </ClCompile>
    <ClCompile Include="story\expression.cpp">
      <Filter>story</Filter>
    </ClCompile>
    <ClCompile Include="story\change.cpp">
      <Filter>story</Filter>
    </ClCompile>
    <ClCompile Include="story\event.cpp">
      <Filter>story</Filter>
    </ClCompile>
    <ClCompile Include="story\dialog.cpp">
      <Filter>story</Filter>
    </ClCompile>
    <ClCompile Include="map\terrain_factory.cpp">
      <Filter>map</Filter>
    </ClCompile>
    <ClCompile Include="map\roadnet_factory.cpp">
      <Filter>map</Filter>
    </ClCompile>
    <ClCompile Include="map\zone_factory.cpp">
      <Filter>map</Filter>
    </ClCompile>
    <ClCompile Include="map\building_factory.cpp">
      <Filter>map</Filter>
    </ClCompile>
    <ClCompile Include="map\component_factory.cpp">
      <Filter>map</Filter>
    </ClCompile>
    <ClCompile Include="map\room_factory.cpp">
      <Filter>map</Filter>
    </ClCompile>
    <ClCompile Include="player\asset_factory.cpp">
      <Filter>player</Filter>
    </ClCompile>
    <ClCompile Include="player\app_factory.cpp">
      <Filter>player</Filter>
    </ClCompile>
    <ClCompile Include="player\puzzle_factory.cpp">
      <Filter>player</Filter>
    </ClCompile>
    <ClCompile Include="populace\name_factory.cpp">
      <Filter>populace</Filter>
    </ClCompile>
    <ClCompile Include="populace\scheduler_factory.cpp">
      <Filter>populace</Filter>
    </ClCompile>
    <ClCompile Include="society\job_factory.cpp">
      <Filter>society</Filter>
    </ClCompile>
    <ClCompile Include="society\organization_factory.cpp">
      <Filter>society</Filter>
    </ClCompile>
    <ClCompile Include="story\script_factory.cpp">
      <Filter>story</Filter>
    </ClCompile>
    <ClCompile Include="industry\product_factory.cpp">
      <Filter>industry</Filter>
    </ClCompile>
    <ClCompile Include="industry\storage_factory.cpp">
      <Filter>industry</Filter>
    </ClCompile>
    <ClCompile Include="industry\manufacture_factory.cpp">
      <Filter>industry</Filter>
    </ClCompile>
    <ClCompile Include="traffic\route_factory.cpp">
      <Filter>traffic</Filter>
    </ClCompile>
    <ClCompile Include="traffic\station_factory.cpp">
      <Filter>traffic</Filter>
    </ClCompile>
    <ClCompile Include="traffic\vehicle_factory.cpp">
      <Filter>traffic</Filter>
    </ClCompile>
    <ClCompile Include="map\terrain_mod.cpp">
      <Filter>map</Filter>
    </ClCompile>
    <ClCompile Include="map\zone_mod.cpp">
      <Filter>map</Filter>
    </ClCompile>
    <ClCompile Include="map\component_mod.cpp">
      <Filter>map</Filter>
    </ClCompile>
    <ClCompile Include="map\room_mod.cpp">
      <Filter>map</Filter>
    </ClCompile>
    <ClCompile Include="player\asset_mod.cpp">
      <Filter>player</Filter>
    </ClCompile>
    <ClCompile Include="player\app_mod.cpp">
      <Filter>player</Filter>
    </ClCompile>
    <ClCompile Include="player\puzzle_mod.cpp">
      <Filter>player</Filter>
    </ClCompile>
    <ClCompile Include="populace\name_mod.cpp">
      <Filter>populace</Filter>
    </ClCompile>
    <ClCompile Include="populace\scheduler_mod.cpp">
      <Filter>populace</Filter>
    </ClCompile>
    <ClCompile Include="society\job_mod.cpp">
      <Filter>society</Filter>
    </ClCompile>
    <ClCompile Include="society\organization_mod.cpp">
      <Filter>society</Filter>
    </ClCompile>
    <ClCompile Include="story\script_mod.cpp">
      <Filter>story</Filter>
    </ClCompile>
    <ClCompile Include="industry\product_mod.cpp">
      <Filter>industry</Filter>
    </ClCompile>
    <ClCompile Include="industry\storage_mod.cpp">
      <Filter>industry</Filter>
    </ClCompile>
    <ClCompile Include="industry\manufacture_mod.cpp">
      <Filter>industry</Filter>
    </ClCompile>
    <ClCompile Include="traffic\route_mod.cpp">
      <Filter>traffic</Filter>
    </ClCompile>
    <ClCompile Include="traffic\station_mod.cpp">
      <Filter>traffic</Filter>
    </ClCompile>
    <ClCompile Include="traffic\vehicle_mod.cpp">
      <Filter>traffic</Filter>
    </ClCompile>
  </ItemGroup>
  <ItemGroup>
    <ClInclude Include="common\error.h">
      <Filter>common</Filter>
    </ClInclude>
    <ClInclude Include="common\json.h">
      <Filter>common</Filter>
    </ClInclude>
    <ClInclude Include="common\utility.h">
      <Filter>common</Filter>
    </ClInclude>
    <ClInclude Include="common\handle.h">
      <Filter>common</Filter>
    </ClInclude>
    <ClInclude Include="map\geometry.h">
      <Filter>map</Filter>
    </ClInclude>
    <ClInclude Include="story\expression.h">
      <Filter>story</Filter>
    </ClInclude>
    <ClInclude Include="story\change.h">
      <Filter>story</Filter>
    </ClInclude>
    <ClInclude Include="story\event.h">
      <Filter>story</Filter>
    </ClInclude>
    <ClInclude Include="story\dialog.h">
      <Filter>story</Filter>
    </ClInclude>
    <ClInclude Include="map\terrain_mod.h">
      <Filter>map</Filter>
    </ClInclude>
    <ClInclude Include="map\roadnet_mod.h">
      <Filter>map</Filter>
    </ClInclude>
    <ClInclude Include="map\zone_mod.h">
      <Filter>map</Filter>
    </ClInclude>
    <ClInclude Include="map\building_mod.h">
      <Filter>map</Filter>
    </ClInclude>
    <ClInclude Include="map\component_mod.h">
      <Filter>map</Filter>
    </ClInclude>
    <ClInclude Include="map\room_mod.h">
      <Filter>map</Filter>
    </ClInclude>
    <ClInclude Include="player\asset_mod.h">
      <Filter>player</Filter>
    </ClInclude>
    <ClInclude Include="player\app_mod.h">
      <Filter>player</Filter>
    </ClInclude>
    <ClInclude Include="player\puzzle_mod.h">
      <Filter>player</Filter>
    </ClInclude>
    <ClInclude Include="populace\name_mod.h">
      <Filter>populace</Filter>
    </ClInclude>
    <ClInclude Include="populace\scheduler_mod.h">
      <Filter>populace</Filter>
    </ClInclude>
    <ClInclude Include="society\job_mod.h">
      <Filter>society</Filter>
    </ClInclude>
    <ClInclude Include="society\organization_mod.h">
      <Filter>society</Filter>
    </ClInclude>
    <ClInclude Include="story\script_mod.h">
      <Filter>story</Filter>
    </ClInclude>
    <ClInclude Include="industry\product_mod.h">
      <Filter>industry</Filter>
    </ClInclude>
    <ClInclude Include="industry\storage_mod.h">
      <Filter>industry</Filter>
    </ClInclude>
    <ClInclude Include="industry\manufacture_mod.h">
      <Filter>industry</Filter>
    </ClInclude>
    <ClInclude Include="traffic\route_mod.h">
      <Filter>traffic</Filter>
    </ClInclude>
    <ClInclude Include="traffic\station_mod.h">
      <Filter>traffic</Filter>
    </ClInclude>
    <ClInclude Include="traffic\vehicle_mod.h">
      <Filter>traffic</Filter>
    </ClInclude>
    <ClInclude Include="map\terrain_factory.h">
      <Filter>map</Filter>
    </ClInclude>
    <ClInclude Include="map\roadnet_factory.h">
      <Filter>map</Filter>
    </ClInclude>
    <ClInclude Include="map\zone_factory.h">
      <Filter>map</Filter>
    </ClInclude>
    <ClInclude Include="map\building_factory.h">
      <Filter>map</Filter>
    </ClInclude>
    <ClInclude Include="map\component_factory.h">
      <Filter>map</Filter>
    </ClInclude>
    <ClInclude Include="map\room_factory.h">
      <Filter>map</Filter>
    </ClInclude>
    <ClInclude Include="player\asset_factory.h">
      <Filter>player</Filter>
    </ClInclude>
    <ClInclude Include="player\app_factory.h">
      <Filter>player</Filter>
    </ClInclude>
    <ClInclude Include="player\puzzle_factory.h">
      <Filter>player</Filter>
    </ClInclude>
    <ClInclude Include="populace\name_factory.h">
      <Filter>populace</Filter>
    </ClInclude>
    <ClInclude Include="populace\scheduler_factory.h">
      <Filter>populace</Filter>
    </ClInclude>
    <ClInclude Include="society\job_factory.h">
      <Filter>society</Filter>
    </ClInclude>
    <ClInclude Include="society\organization_factory.h">
      <Filter>society</Filter>
    </ClInclude>
    <ClInclude Include="story\script_factory.h">
      <Filter>story</Filter>
    </ClInclude>
    <ClInclude Include="industry\product_factory.h">
      <Filter>industry</Filter>
    </ClInclude>
    <ClInclude Include="industry\storage_factory.h">
      <Filter>industry</Filter>
    </ClInclude>
    <ClInclude Include="industry\manufacture_factory.h">
      <Filter>industry</Filter>
    </ClInclude>
    <ClInclude Include="traffic\route_factory.h">
      <Filter>traffic</Filter>
    </ClInclude>
    <ClInclude Include="traffic\station_factory.h">
      <Filter>traffic</Filter>
    </ClInclude>
    <ClInclude Include="traffic\vehicle_factory.h">
      <Filter>traffic</Filter>
    </ClInclude>
  </ItemGroup>
</Project>
